{
  "name": "error-9-to-5",
  "version": "1.0.0",
  "lockfileVersion": 3,
  "requires": true,
  "packages": {
    "": {
      "name": "error-9-to-5",
      "version": "1.0.0",
      "dependencies": {
        "@ruffle-rs/ruffle": "0.4.1"
      }
    },
    "node_modules/@ruffle-rs/ruffle": {
      "version": "0.4.1",
      "resolved": "https://registry.npmjs.org/@ruffle-rs/ruffle/-/ruffle-0.4.1.tgz",
      "integrity": "sha512-XkMR0GAu6cMb3dp4xRwVG08q6UDf3aD7dp7ur3YkH+8m9J2XY2iazDRAh6kBS6MKrXE8tPYI+6GR+8iygZcyFg==",
      "license": "(MIT OR Apache-2.0)"
    }
  }
}
